// !$*UTF8*$!
{
	archiveVersion = 1;
	classes = {
	};
	objectVersion = 50;
	objects = {

/* Begin PBXBuildFile section */
		FAFAB95821F9FC3A00E8FDF3 /* AppDelegate.swift in Sources */ = {isa = PBXBuildFile; fileRef = FAFAB95721F9FC3A00E8FDF3 /* AppDelegate.swift */; };
		FAFAB95A21F9FC3A00E8FDF3 /* MainDrawerVC.swift in Sources */ = {isa = PBXBuildFile; fileRef = FAFAB95921F9FC3A00E8FDF3 /* MainDrawerVC.swift */; };
		FAFAB95D21F9FC3A00E8FDF3 /* Main.storyboard in Resources */ = {isa = PBXBuildFile; fileRef = FAFAB95B21F9FC3A00E8FDF3 /* Main.storyboard */; };
		FAFAB95F21F9FC3C00E8FDF3 /* Assets.xcassets in Resources */ = {isa = PBXBuildFile; fileRef = FAFAB95E21F9FC3C00E8FDF3 /* Assets.xcassets */; };
		FAFAB96221F9FC3C00E8FDF3 /* LaunchScreen.storyboard in Resources */ = {isa = PBXBuildFile; fileRef = FAFAB96021F9FC3C00E8FDF3 /* LaunchScreen.storyboard */; };
/* End PBXBuildFile section */

/* Begin PBXFileReference section */
		FAFAB95421F9FC3A00E8FDF3 /* SwiftDrawingAppStarter.app */ = {isa = PBXFileReference; explicitFileType = wrapper.application; includeInIndex = 0; path = SwiftDrawingAppStarter.app; sourceTree = BUILT_PRODUCTS_DIR; };
		FAFAB95721F9FC3A00E8FDF3 /* AppDelegate.swift */ = {isa = PBXFileReference; lastKnownFileType = sourcecode.swift; path = AppDelegate.swift; sourceTree = "<group>"; };
		FAFAB95921F9FC3A00E8FDF3 /* MainDrawerVC.swift */ = {isa = PBXFileReference; lastKnownFileType = sourcecode.swift; path = MainDrawerVC.swift; sourceTree = "<group>"; };
		FAFAB95C21F9FC3A00E8FDF3 /* Base */ = {isa = PBXFileReference; lastKnownFileType = file.storyboard; name = Base; path = Base.lproj/Main.storyboard; sourceTree = "<group>"; };
		FAFAB95E21F9FC3C00E8FDF3 /* Assets.xcassets */ = {isa = PBXFileReference; lastKnownFileType = folder.assetcatalog; path = Assets.xcassets; sourceTree = "<group>"; };
		FAFAB96121F9FC3C00E8FDF3 /* Base */ = {isa = PBXFileReference; lastKnownFileType = file.storyboard; name = Base; path = Base.lproj/LaunchScreen.storyboard; sourceTree = "<group>"; };
		FAFAB96321F9FC3C00E8FDF3 /* Info.plist */ = {isa = PBXFileReference; lastKnownFileType = text.plist.xml; path = Info.plist; sourceTree = "<group>"; };
/* End PBXFileReference section */

/* Begin PBXFrameworksBuildPhase section */
		FAFAB95121F9FC3A00E8FDF3 /* Frameworks */ = {
			isa = PBXFrameworksBuildPhase;
			buildActionMask = 2147483647;
			files = (
			);
			runOnlyForDeploymentPostprocessing = 0;
		};
/* End PBXFrameworksBuildPhase section */

/* Begin PBXGroup section */
		FAFAB94B21F9FC3A00E8FDF3 = {
			isa = PBXGroup;
			children = (
				FAFAB95621F9FC3A00E8FDF3 /* SwiftDrawingAppStarter */,
				FAFAB95521F9FC3A00E8FDF3 /* Products */,
			);
			sourceTree = "<group>";
		};
		FAFAB95521F9FC3A00E8FDF3 /* Products */ = {
			isa = PBXGroup;
			children = (
				FAFAB95421F9FC3A00E8FDF3 /* SwiftDrawingAppStarter.app */,
			);
			name = Products;
			sourceTree = "<group>";
		};
		FAFAB95621F9FC3A00E8FDF3 /* SwiftDrawingAppStarter */ = {
			isa = PBXGroup;
			children = (
				FAFAB95721F9FC3A00E8FDF3 /* AppDelegate.swift */,
				FAFAB95921F9FC3A00E8FDF3 /* MainDrawerVC.swift */,
				FAFAB95B21F9FC3A00E8FDF3 /* Main.storyboard */,
				FAFAB95E21F9FC3C00E8FDF3 /* Assets.xcassets */,
				FAFAB96021F9FC3C00E8FDF3 /* LaunchScreen.storyboard */,
				FAFAB96321F9FC3C00E8FDF3 /* Info.plist */,
			);
			path = SwiftDrawingAppStarter;
			sourceTree = "<group>";
		};
/* End PBXGroup section */

/* Begin PBXNativeTarget section */
		FAFAB95321F9FC3A00E8FDF3 /* SwiftDrawingAppStarter */ = {
			isa = PBXNativeTarget;
			buildConfigurationList = FAFAB96621F9FC3C00E8FDF3 /* Build configuration list for PBXNativeTarget "SwiftDrawingAppStarter" */;
			buildPhases = (
				FAFAB95021F9FC3A00E8FDF3 /* Sources */,
				FAFAB95121F9FC3A00E8FDF3 /* Frameworks */,
				FAFAB95221F9FC3A00E8FDF3 /* Resources */,
			);
			buildRules = (
			);
			dependencies = (
			);
			name = SwiftDrawingAppStarter;
			productName = SwiftDrawingAppStarter;
			productReference = FAFAB95421F9FC3A00E8FDF3 /* SwiftDrawingAppStarter.app */;
			productType = "com.apple.product-type.application";
		};
/* End PBXNativeTarget section */

/* Begin PBXProject section */
		FAFAB94C21F9FC3A00E8FDF3 /* Project object */ = {
			isa = PBXProject;
			attributes = {
				LastSwiftUpdateCheck = 1010;
				LastUpgradeCheck = 1010;
				ORGANIZATIONNAME = Ahil;
				TargetAttributes = {
					FAFAB95321F9FC3A00E8FDF3 = {
						CreatedOnToolsVersion = 10.1;
					};
				};
			};
			buildConfigurationList = FAFAB94F21F9FC3A00E8FDF3 /* Build configuration list for PBXProject "SwiftDrawingAppStarter" */;
			compatibilityVersion = "Xcode 9.3";
			developmentRegion = en;
			hasScannedForEncodings = 0;
			knownRegions = (
				en,
				Base,
			);
			mainGroup = FAFAB94B21F9FC3A00E8FDF3;
			productRefGroup = FAFAB95521F9FC3A00E8FDF3 /* Products */;
			projectDirPath = "";
			projectRoot = "";
			targets = (
				FAFAB95321F9FC3A00E8FDF3 /* SwiftDrawingAppStarter */,
			);
		};
/* End PBXProject section */

/* Begin PBXResourcesBuildPhase section */
		FAFAB95221F9FC3A00E8FDF3 /* Resources */ = {
			isa = PBXResourcesBuildPhase;
			buildActionMask = 2147483647;
			files = (
				FAFAB96221F9FC3C00E8FDF3 /* LaunchScreen.storyboard in Resources */,
				FAFAB95F21F9FC3C00E8FDF3 /* Assets.xcassets in Resources */,
				FAFAB95D21F9FC3A00E8FDF3 /* Main.storyboard in Resources */,
			);
			runOnlyForDeploymentPostprocessing = 0;
		};
/* End PBXResourcesBuildPhase section */

/* Begin PBXSourcesBuildPhase section */
		FAFAB95021F9FC3A00E8FDF3 /* Sources */ = {
			isa = PBXSourcesBuildPhase;
			buildActionMask = 2147483647;
			files = (
				FAFAB95A21F9FC3A00E8FDF3 /* MainDrawerVC.swift in Sources */,
				FAFAB95821F9FC3A00E8FDF3 /* AppDelegate.swift in Sources */,
			);
			runOnlyForDeploymentPostprocessing = 0;
		};
/* End PBXSourcesBuildPhase section */

/* Begin PBXVariantGroup section */
		FAFAB95B21F9FC3A00E8FDF3 /* Main.storyboard */ = {
			isa = PBXVariantGroup;
			children = (
				FAFAB95C21F9FC3A00E8FDF3 /* Base */,
			);
			name = Main.storyboard;
			sourceTree = "<group>";
		};
		FAFAB96021F9FC3C00E8FDF3 /* LaunchScreen.storyboard */ = {
			isa = PBXVariantGroup;
			children = (
				FAFAB96121F9FC3C00E8FDF3 /* Base */,
			);
			name = LaunchScreen.storyboard;
			sourceTree = "<group>";
		};
/* End PBXVariantGroup section */

/* Begin XCBuildConfiguration section */
		FAFAB96421F9FC3C00E8FDF3 /* Debug */ = {
			isa = XCBuildConfiguration;
			buildSettings = {
				ALWAYS_SEARCH_USER_PATHS = NO;
				CLANG_ANALYZER_NONNULL = YES;
				CLANG_ANALYZER_NUMBER_OBJECT_CONVERSION = YES_AGGRESSIVE;
				CLANG_CXX_LANGUAGE_STANDARD = "gnu++14";
				CLANG_CXX_LIBRARY = "libc++";
				CLANG_ENABLE_MODULES = YES;
				CLANG_ENABLE_OBJC_ARC = YES;
				CLANG_ENABLE_OBJC_WEAK = YES;
				CLANG_WARN_BLOCK_CAPTURE_AUTORELEASING = YES;
				CLANG_WARN_BOOL_CONVERSION = YES;
				CLANG_WARN_COMMA = YES;
				CLANG_WARN_CONSTANT_CONVERSION = YES;
				CLANG_WARN_DEPRECATED_OBJC_IMPLEMENTATIONS = YES;
				CLANG_WARN_DIRECT_OBJC_ISA_USAGE = YES_ERROR;
				CLANG_WARN_DOCUMENTATION_COMMENTS = YES;
				CLANG_WARN_EMPTY_BODY = YES;
				CLANG_WARN_ENUM_CONVERSION = YES;
				CLANG_WARN_INFINITE_RECURSION = YES;
				CLANG_WARN_INT_CONVERSION = YES;
				CLANG_WARN_NON_LITERAL_NULL_CONVERSION = YES;
				CLANG_WARN_OBJC_IMPLICIT_RETAIN_SELF = YES;
				CLANG_WARN_OBJC_LITERAL_CONVERSION = YES;
				CLANG_WARN_OBJC_ROOT_CLASS = YES_ERROR;
				CLANG_WARN_RANGE_LOOP_ANALYSIS = YES;
				CLANG_WARN_STRICT_PROTOTYPES = YES;
				CLANG_WARN_SUSPICIOUS_MOVE = YES;
				CLANG_WARN_UNGUARDED_AVAILABILITY = YES_AGGRESSIVE;
				CLANG_WARN_UNREACHABLE_CODE = YES;
				CLANG_WARN__DUPLICATE_METHOD_MATCH = YES;
				CODE_SIGN_IDENTITY = "iPhone Developer";
				COPY_PHASE_STRIP = NO;
				DEBUG_INFORMATION_FORMAT = dwarf;
				ENABLE_STRICT_OBJC_MSGSEND = YES;
				ENABLE_TESTABILITY = YES;
				GCC_C_LANGUAGE_STANDARD = gnu11;
				GCC_DYNAMIC_NO_PIC = NO;
				GCC_NO_COMMON_BLOCKS = YES;
				GCC_OPTIMIZATION_LEVEL = 0;
				GCC_PREPROCESSOR_DEFINITIONS = (
					"DEBUG=1",
					"$(inherited)",
				);
				GCC_WARN_64_TO_32_BIT_CONVERSION = YES;
				GCC_WARN_ABOUT_RETURN_TYPE = YES_ERROR;
				GCC_WARN_UNDECLARED_SELECTOR = YES;
				GCC_WARN_UNINITIALIZED_AUTOS = YES_AGGRESSIVE;
				GCC_WARN_UNUSED_FUNCTION = YES;
				GCC_WARN_UNUSED_VARIABLE = YES;
				IPHONEOS_DEPLOYMENT_TARGET = 12.1;
				MTL_ENABLE_DEBUG_INFO = INCLUDE_SOURCE;
				MTL_FAST_MATH = YES;
				ONLY_ACTIVE_ARCH = YES;
				SDKROOT = iphoneos;
				SWIFT_ACTIVE_COMPILATION_CONDITIONS = DEBUG;
				SWIFT_OPTIMIZATION_LEVEL = "-Onone";
			};
			name = Debug;
		};
		FAFAB96521F9FC3C00E8FDF3 /* Release */ = {
			isa = XCBuildConfiguration;
			buildSettings = {
				ALWAYS_SEARCH_USER_PATHS = NO;
				CLANG_ANALYZER_NONNULL = YES;
				CLANG_ANALYZER_NUMBER_OBJECT_CONVERSION = YES_AGGRESSIVE;
				CLANG_CXX_LANGUAGE_STANDARD = "gnu++14";
				CLANG_CXX_LIBRARY = "libc++";
				CLANG_ENABLE_MODULES = YES;
				CLANG_ENABLE_OBJC_ARC = YES;
				CLANG_ENABLE_OBJC_WEAK = YES;
				CLANG_WARN_BLOCK_CAPTURE_AUTORELEASING = YES;
				CLANG_WARN_BOOL_CONVERSION = YES;
				CLANG_WARN_COMMA = YES;
				CLANG_WARN_CONSTANT_CONVERSION = YES;
				CLANG_WARN_DEPRECATED_OBJC_IMPLEMENTATIONS = YES;
				CLANG_WARN_DIRECT_OBJC_ISA_USAGE = YES_ERROR;
				CLANG_WARN_DOCUMENTATION_COMMENTS = YES;
				CLANG_WARN_EMPTY_BODY = YES;
				CLANG_WARN_ENUM_CONVERSION = YES;
				CLANG_WARN_INFINITE_RECURSION = YES;
				CLANG_WARN_INT_CONVERSION = YES;
				CLANG_WARN_NON_LITERAL_NULL_CONVERSION = YES;
				CLANG_WARN_OBJC_IMPLICIT_RETAIN_SELF = YES;
				CLANG_WARN_OBJC_LITERAL_CONVERSION = YES;
				CLANG_WARN_OBJC_ROOT_CLASS = YES_ERROR;
				CLANG_WARN_RANGE_LOOP_ANALYSIS = YES;
				CLANG_WARN_STRICT_PROTOTYPES = YES;
				CLANG_WARN_SUSPICIOUS_MOVE = YES;
				CLANG_WARN_UNGUARDED_AVAILABILITY = YES_AGGRESSIVE;
				CLANG_WARN_UNREACHABLE_CODE = YES;
				CLANG_WARN__DUPLICATE_METHOD_MATCH = YES;
				CODE_SIGN_IDENTITY = "iPhone Developer";
				COPY_PHASE_STRIP = NO;
				DEBUG_INFORMATION_FORMAT = "dwarf-with-dsym";
				ENABLE_NS_ASSERTIONS = NO;
				ENABLE_STRICT_OBJC_MSGSEND = YES;
				GCC_C_LANGUAGE_STANDARD = gnu11;
				GCC_NO_COMMON_BLOCKS = YES;
				GCC_WARN_64_TO_32_BIT_CONVERSION = YES;
				GCC_WARN_ABOUT_RETURN_TYPE = YES_ERROR;
				GCC_WARN_UNDECLARED_SELECTOR = YES;
				GCC_WARN_UNINITIALIZED_AUTOS = YES_AGGRESSIVE;
				GCC_WARN_UNUSED_FUNCTION = YES;
				GCC_WARN_UNUSED_VARIABLE = YES;
				IPHONEOS_DEPLOYMENT_TARGET = 12.1;
				MTL_ENABLE_DEBUG_INFO = NO;
				MTL_FAST_MATH = YES;
				SDKROOT = iphoneos;
				SWIFT_COMPILATION_MODE = wholemodule;
				SWIFT_OPTIMIZATION_LEVEL = "-O";
				VALIDATE_PRODUCT = YES;
			};
			name = Release;
		};
		FAFAB96721F9FC3C00E8FDF3 /* Debug */ = {
			isa = XCBuildConfiguration;
			buildSettings = {
				ASSETCATALOG_COMPILER_APPICON_NAME = AppIcon;
				CODE_SIGN_STYLE = Automatic;
				DEVELOPMENT_TEAM = 4KNZCS3M9G;
				INFOPLIST_FILE = SwiftDrawingAppStarter/Info.plist;
				LD_RUNPATH_SEARCH_PATHS = (
					"$(inherited)",
					"@executable_path/Frameworks",
				);
				PRODUCT_BUNDLE_IDENTIFIER = com.ahil.ios.SwiftDrawingAppStarter;
				PRODUCT_NAME = "$(TARGET_NAME)";
				SWIFT_VERSION = 4.2;
				TARGETED_DEVICE_FAMILY = "1,2";
			};
			name = Debug;
		};
		FAFAB96821F9FC3C00E8FDF3 /* Release */ = {
			isa = XCBuildConfiguration;
			buildSettings = {
				ASSETCATALOG_COMPILER_APPICON_NAME = AppIcon;
				CODE_SIGN_STYLE = Automatic;
				DEVELOPMENT_TEAM = 4KNZCS3M9G;
				INFOPLIST_FILE = SwiftDrawingAppStarter/Info.plist;
				LD_RUNPATH_SEARCH_PATHS = (
					"$(inherited)",
					"@executable_path/Frameworks",
				);
				PRODUCT_BUNDLE_IDENTIFIER = com.ahil.ios.SwiftDrawingAppStarter;
				PRODUCT_NAME = "$(TARGET_NAME)";
				SWIFT_VERSION = 4.2;
				TARGETED_DEVICE_FAMILY = "1,2";
			};
			name = Release;
		};
/* End XCBuildConfiguration section */

/* Begin XCConfigurationList section */
		FAFAB94F21F9FC3A00E8FDF3 /* Build configuration list for PBXProject "SwiftDrawingAppStarter" */ = {
			isa = XCConfigurationList;
			buildConfigurations = (
				FAFAB96421F9FC3C00E8FDF3 /* Debug */,
				FAFAB96521F9FC3C00E8FDF3 /* Release */,
			);
			defaultConfigurationIsVisible = 0;
			defaultConfigurationName = Release;
		};
		FAFAB96621F9FC3C00E8FDF3 /* Build configuration list for PBXNativeTarget "SwiftDrawingAppStarter" */ = {
			isa = XCConfigurationList;
			buildConfigurations = (
				FAFAB96721F9FC3C00E8FDF3 /* Debug */,
				FAFAB96821F9FC3C00E8FDF3 /* Release */,
			);
			defaultConfigurationIsVisible = 0;
			defaultConfigurationName = Release;
		};
/* End XCConfigurationList section */
	};
	rootObject = FAFAB94C21F9FC3A00E8FDF3 /* Project object */;
}
